
Microsoft Visual Studio Solution File, Format Version 12.00
# Visual Studio Version 17
VisualStudioVersion = 17.4.33213.308
MinimumVisualStudioVersion = 10.0.40219.1
Project("{FAE04EC0-301F-11D3-BF4B-00C04F79EFBC}") = "FinalProjectMatrix", "FinalProjectMatrix\FinalProjectMatrix.csproj", "{B5738469-4C0C-4331-934C-3AF9B3C76B2E}"
EndProject
Project("{FAE04EC0-301F-11D3-BF4B-00C04F79EFBC}") = "DataAccessLayer", "DataAccessLayer\DataAccessLayer.csproj", "{4E6422F2-E62D-4BAF-8940-D4FB73AC53CE}"
EndProject
Project("{FAE04EC0-301F-11D3-BF4B-00C04F79EFBC}") = "BuisnessLogicLayer", "BuisnessLogicLayer\BuisnessLogicLayer.csproj", "{7094BCD6-F7F4-416F-B46B-DE984A4D931F}"
EndProject
Global
	GlobalSection(SolutionConfigurationPlatforms) = preSolution
		Debug|Any CPU = Debug|Any CPU
		Release|Any CPU = Release|Any CPU
	EndGlobalSection
	GlobalSection(ProjectConfigurationPlatforms) = postSolution
		{B5738469-4C0C-4331-934C-3AF9B3C76B2E}.Debug|Any CPU.ActiveCfg = Debug|Any CPU
		{B5738469-4C0C-4331-934C-3AF9B3C76B2E}.Debug|Any CPU.Build.0 = Debug|Any CPU
		{B5738469-4C0C-4331-934C-3AF9B3C76B2E}.Release|Any CPU.ActiveCfg = Release|Any CPU
		{B5738469-4C0C-4331-934C-3AF9B3C76B2E}.Release|Any CPU.Build.0 = Release|Any CPU
		{4E6422F2-E62D-4BAF-8940-D4FB73AC53CE}.Debug|Any CPU.ActiveCfg = Debug|Any CPU
		{4E6422F2-E62D-4BAF-8940-D4FB73AC53CE}.Debug|Any CPU.Build.0 = Debug|Any CPU
		{4E6422F2-E62D-4BAF-8940-D4FB73AC53CE}.Release|Any CPU.ActiveCfg = Release|Any CPU
		{4E6422F2-E62D-4BAF-8940-D4FB73AC53CE}.Release|Any CPU.Build.0 = Release|Any CPU
		{7094BCD6-F7F4-416F-B46B-DE984A4D931F}.Debug|Any CPU.ActiveCfg = Debug|Any CPU
		{7094BCD6-F7F4-416F-B46B-DE984A4D931F}.Debug|Any CPU.Build.0 = Debug|Any CPU
		{7094BCD6-F7F4-416F-B46B-DE984A4D931F}.Release|Any CPU.ActiveCfg = Release|Any CPU
		{7094BCD6-F7F4-416F-B46B-DE984A4D931F}.Release|Any CPU.Build.0 = Release|Any CPU
	EndGlobalSection
	GlobalSection(SolutionProperties) = preSolution
		HideSolutionNode = FALSE
	EndGlobalSection
	GlobalSection(ExtensibilityGlobals) = postSolution
		SolutionGuid = {0736A90D-0892-43B0-A9EE-C445E9DC8D42}
	EndGlobalSection
EndGlobal
